
Microsoft Visual Studio Solution File, Format Version 12.00
# Visual Studio Version 17
VisualStudioVersion = 17.0.31919.166
MinimumVisualStudioVersion = 10.0.40219.1
Project("{FAE04EC0-301F-11D3-BF4B-00C04F79EFBC}") = "IdentityAppCourse2022", "IdentityAppCourse2022.csproj", "{A8F0AEE6-EB9A-47F5-BE0B-9A8652853ED6}"
EndProject
Global
	GlobalSection(SolutionConfigurationPlatforms) = preSolution
		Debug|Any CPU = Debug|Any CPU
		Release|Any CPU = Release|Any CPU
	EndGlobalSection
	GlobalSection(ProjectConfigurationPlatforms) = postSolution
		{A8F0AEE6-EB9A-47F5-BE0B-9A8652853ED6}.Debug|Any CPU.ActiveCfg = Debug|Any CPU
		{A8F0AEE6-EB9A-47F5-BE0B-9A8652853ED6}.Debug|Any CPU.Build.0 = Debug|Any CPU
		{A8F0AEE6-EB9A-47F5-BE0B-9A8652853ED6}.Release|Any CPU.ActiveCfg = Release|Any CPU
		{A8F0AEE6-EB9A-47F5-BE0B-9A8652853ED6}.Release|Any CPU.Build.0 = Release|Any CPU
	EndGlobalSection
	GlobalSection(SolutionProperties) = preSolution
		HideSolutionNode = FALSE
	EndGlobalSection
	GlobalSection(ExtensibilityGlobals) = postSolution
		SolutionGuid = {64024C79-39DA-4769-8642-F82CE6E75BE9}
	EndGlobalSection
EndGlobal
